# This file was autogenerated by Stack.
# You should not edit this file by hand.
# For more information, please see the documentation at:
#   https://docs.haskellstack.org/en/stable/lock_files

packages:
- completed:
    size: 26670949
    subdir: lib/amazonka
    url: https://github.com/brendanhay/amazonka/archive/0ccede621e56fb6f240e4850e205cde82d0e4a4b.tar.gz
    name: amazonka
    version: '2.0'
    sha256: a7b386bbc8c580b1683b69ea406cb66416c2a440d6540fe50be6eff8917c0d31
    pantry-tree:
      size: 827
      sha256: 2789ec3422222681e81d7c1b9b9f4f1ccf8dc2bf5d6feb2a9fd8fc249556edbc
  original:
    subdir: lib/amazonka
    url: https://github.com/brendanhay/amazonka/archive/0ccede621e56fb6f240e4850e205cde82d0e4a4b.tar.gz
- completed:
    size: 26670949
    subdir: lib/amazonka-core
    url: https://github.com/brendanhay/amazonka/archive/0ccede621e56fb6f240e4850e205cde82d0e4a4b.tar.gz
    name: amazonka-core
    version: '2.0'
    sha256: a7b386bbc8c580b1683b69ea406cb66416c2a440d6540fe50be6eff8917c0d31
    pantry-tree:
      size: 3117
      sha256: fb1fbbacb9e710de708c1d43399e70ad7c15c3f1b8b2767a7cae96f4a5fc7039
  original:
    subdir: lib/amazonka-core
    url: https://github.com/brendanhay/amazonka/archive/0ccede621e56fb6f240e4850e205cde82d0e4a4b.tar.gz
- completed:
    size: 26670949
    subdir: lib/services/amazonka-sts
    url: https://github.com/brendanhay/amazonka/archive/0ccede621e56fb6f240e4850e205cde82d0e4a4b.tar.gz
    name: amazonka-sts
    version: '2.0'
    sha256: a7b386bbc8c580b1683b69ea406cb66416c2a440d6540fe50be6eff8917c0d31
    pantry-tree:
      size: 2932
      sha256: cab234646c792a272ac2d7011c34fe06902a466900d953c85ffff4e3faaa1378
  original:
    subdir: lib/services/amazonka-sts
    url: https://github.com/brendanhay/amazonka/archive/0ccede621e56fb6f240e4850e205cde82d0e4a4b.tar.gz
- completed:
    size: 26670949
    subdir: lib/services/amazonka-s3
    url: https://github.com/brendanhay/amazonka/archive/0ccede621e56fb6f240e4850e205cde82d0e4a4b.tar.gz
    name: amazonka-s3
    version: '2.0'
    sha256: a7b386bbc8c580b1683b69ea406cb66416c2a440d6540fe50be6eff8917c0d31
    pantry-tree:
      size: 37921
      sha256: 6a643b1cf63b9fc3da9660d1682231dcea4c4157989ef60a414c7ecf67d2f1b0
  original:
    subdir: lib/services/amazonka-s3
    url: https://github.com/brendanhay/amazonka/archive/0ccede621e56fb6f240e4850e205cde82d0e4a4b.tar.gz
- completed:
    size: 26670949
    subdir: lib/services/amazonka-cloudformation
    url: https://github.com/brendanhay/amazonka/archive/0ccede621e56fb6f240e4850e205cde82d0e4a4b.tar.gz
    name: amazonka-cloudformation
    version: '2.0'
    sha256: a7b386bbc8c580b1683b69ea406cb66416c2a440d6540fe50be6eff8917c0d31
    pantry-tree:
      size: 25778
      sha256: bffb13bace13299530b9f0e88ad3f8b03ff45bfdaef7c673e11f9aba731a58bf
  original:
    subdir: lib/services/amazonka-cloudformation
    url: https://github.com/brendanhay/amazonka/archive/0ccede621e56fb6f240e4850e205cde82d0e4a4b.tar.gz
- completed:
    size: 26670949
    subdir: lib/services/amazonka-cloudfront
    url: https://github.com/brendanhay/amazonka/archive/0ccede621e56fb6f240e4850e205cde82d0e4a4b.tar.gz
    name: amazonka-cloudfront
    version: '2.0'
    sha256: a7b386bbc8c580b1683b69ea406cb66416c2a440d6540fe50be6eff8917c0d31
    pantry-tree:
      size: 35824
      sha256: 23f6404618baf1320d8c64f21fbbda93d8fd00d8c37d8a19b2ce48878004c1d4
  original:
    subdir: lib/services/amazonka-cloudfront
    url: https://github.com/brendanhay/amazonka/archive/0ccede621e56fb6f240e4850e205cde82d0e4a4b.tar.gz
- completed:
    size: 26670949
    subdir: lib/services/amazonka-ssm
    url: https://github.com/brendanhay/amazonka/archive/0ccede621e56fb6f240e4850e205cde82d0e4a4b.tar.gz
    name: amazonka-ssm
    version: '2.0'
    sha256: a7b386bbc8c580b1683b69ea406cb66416c2a440d6540fe50be6eff8917c0d31
    pantry-tree:
      size: 53627
      sha256: bea64a397c4b287030dcda808f2093a8c2ab7a4dd60784892a66c46bf6b9350c
  original:
    subdir: lib/services/amazonka-ssm
    url: https://github.com/brendanhay/amazonka/archive/0ccede621e56fb6f240e4850e205cde82d0e4a4b.tar.gz
- completed:
    hackage: stratosphere-0.60.0@sha256:ce16367b41c9b64c698d416801504441c3207b6b25eb03aba3594117951f8260,145343
    pantry-tree:
      size: 243747
      sha256: 4dda716435f9742e3929dc5bfe8259d43a8539941cbd345c2d09b2b8ba828d5e
  original:
    hackage: stratosphere-0.60.0
snapshots:
- completed:
    size: 619399
    url: https://raw.githubusercontent.com/commercialhaskell/stackage-snapshots/master/lts/19/22.yaml
    sha256: 5098594e71bdefe0c13e9e6236f12e3414ef91a2b89b029fd30e8fc8087f3a07
  original: lts-19.22
